// !$*UTF8*$!
{
	archiveVersion = 1;
	classes = {
	};
	objectVersion = 50;
	objects = {

/* Begin PBXBuildFile section */
		1C0BE8492563897200D28377 /* Customer.swift in Sources */ = {isa = PBXBuildFile; fileRef = 1C0BE8482563897200D28377 /* Customer.swift */; };
		1C0BE84B2563897B00D28377 /* Job.swift in Sources */ = {isa = PBXBuildFile; fileRef = 1C0BE84A2563897B00D28377 /* Job.swift */; };
		1C0BE84D2563898100D28377 /* Task.swift in Sources */ = {isa = PBXBuildFile; fileRef = 1C0BE84C2563898100D28377 /* Task.swift */; };
		1C1DDECD269A80DA0030A398 /* LoadingViewController.swift in Sources */ = {isa = PBXBuildFile; fileRef = 1C1DDECC269A80DA0030A398 /* LoadingViewController.swift */; };
		1C1DDECF269B43D70030A398 /* InventoryItemViewController.swift in Sources */ = {isa = PBXBuildFile; fileRef = 1C1DDECE269B43D70030A398 /* InventoryItemViewController.swift */; };
		1C1DDED1269B4A340030A398 /* InventoryQuantityViewController.swift in Sources */ = {isa = PBXBuildFile; fileRef = 1C1DDED0269B4A340030A398 /* InventoryQuantityViewController.swift */; };
		1C215F0D269BBC4A003E87C1 /* QBDInventoryItem.swift in Sources */ = {isa = PBXBuildFile; fileRef = 1C215F0C269BBC4A003E87C1 /* QBDInventoryItem.swift */; };
		1C215F0F269C99C5003E87C1 /* InventoryConfirmViewController.swift in Sources */ = {isa = PBXBuildFile; fileRef = 1C215F0E269C99C5003E87C1 /* InventoryConfirmViewController.swift */; };
		1C2434C8230CF69D00231CC2 /* AppDelegate.swift in Sources */ = {isa = PBXBuildFile; fileRef = 1C2434C7230CF69D00231CC2 /* AppDelegate.swift */; };
		1C2434CA230CF69D00231CC2 /* LoginViewController.swift in Sources */ = {isa = PBXBuildFile; fileRef = 1C2434C9230CF69D00231CC2 /* LoginViewController.swift */; };
		1C2434CD230CF69D00231CC2 /* Main.storyboard in Resources */ = {isa = PBXBuildFile; fileRef = 1C2434CB230CF69D00231CC2 /* Main.storyboard */; };
		1C2434CF230CF69F00231CC2 /* Assets.xcassets in Resources */ = {isa = PBXBuildFile; fileRef = 1C2434CE230CF69F00231CC2 /* Assets.xcassets */; };
		1C2434D2230CF69F00231CC2 /* LaunchScreen.storyboard in Resources */ = {isa = PBXBuildFile; fileRef = 1C2434D0230CF69F00231CC2 /* LaunchScreen.storyboard */; };
		1C2434DD230CF69F00231CC2 /* BRIZBEETests.swift in Sources */ = {isa = PBXBuildFile; fileRef = 1C2434DC230CF69F00231CC2 /* BRIZBEETests.swift */; };
		1C2434E8230CF69F00231CC2 /* BRIZBEEUITests.swift in Sources */ = {isa = PBXBuildFile; fileRef = 1C2434E7230CF69F00231CC2 /* BRIZBEEUITests.swift */; };
		1C29A66B24F5A746002B64AC /* StatusInViewController.swift in Sources */ = {isa = PBXBuildFile; fileRef = 1C29A66A24F5A746002B64AC /* StatusInViewController.swift */; };
		1C29A66D24F5A754002B64AC /* StatusOutViewController.swift in Sources */ = {isa = PBXBuildFile; fileRef = 1C29A66C24F5A754002B64AC /* StatusOutViewController.swift */; };
		1C328C4B26DE89FB00E8198C /* Constants.swift in Sources */ = {isa = PBXBuildFile; fileRef = 1C328C4A26DE89FB00E8198C /* Constants.swift */; };
		1C3C22D5269A499F00AE4AE8 /* ScannerOverlayPreviewLayer.swift in Sources */ = {isa = PBXBuildFile; fileRef = 1C3C22D4269A499F00AE4AE8 /* ScannerOverlayPreviewLayer.swift */; };
		1C595F2F2351676E00AD529C /* ScanBarCodeViewController.swift in Sources */ = {isa = PBXBuildFile; fileRef = 1C595F2E2351676E00AD529C /* ScanBarCodeViewController.swift */; };
		1C5E22A024F5E45000E58D76 /* StatusStagingViewController.swift in Sources */ = {isa = PBXBuildFile; fileRef = 1C5E229F24F5E45000E58D76 /* StatusStagingViewController.swift */; };
		1C62686E24FB04070027853C /* TimeCardTableViewController.swift in Sources */ = {isa = PBXBuildFile; fileRef = 1C62686D24FB04070027853C /* TimeCardTableViewController.swift */; };
		1C6BE32C25698A10005F661E /* InputViewTableViewCell.swift in Sources */ = {isa = PBXBuildFile; fileRef = 1C6BE32B25698A10005F661E /* InputViewTableViewCell.swift */; };
		1C73A2102352430900A361B5 /* TaskNumberDelegate.swift in Sources */ = {isa = PBXBuildFile; fileRef = 1C73A20F2352430900A361B5 /* TaskNumberDelegate.swift */; };
		1C7A1367234BB09E006A2790 /* Auth.swift in Sources */ = {isa = PBXBuildFile; fileRef = 1C7A1366234BB09E006A2790 /* Auth.swift */; };
		1CC284A82565FE49000E062B /* InputViewLabel.swift in Sources */ = {isa = PBXBuildFile; fileRef = 1CC284A72565FE49000E062B /* InputViewLabel.swift */; };
		1CD2B9392325DE2100B2B0D8 /* PunchInTaskIdViewController.swift in Sources */ = {isa = PBXBuildFile; fileRef = 1CD2B9382325DE2100B2B0D8 /* PunchInTaskIdViewController.swift */; };
		1CD2B93B2325DEAE00B2B0D8 /* PunchInConfirmViewController.swift in Sources */ = {isa = PBXBuildFile; fileRef = 1CD2B93A2325DEAE00B2B0D8 /* PunchInConfirmViewController.swift */; };
		1CD2B93D2325DEFC00B2B0D8 /* PunchOutConfirmViewController.swift in Sources */ = {isa = PBXBuildFile; fileRef = 1CD2B93C2325DEFC00B2B0D8 /* PunchOutConfirmViewController.swift */; };
		1CD2FBDD234AEE1D00B5CAF0 /* User.swift in Sources */ = {isa = PBXBuildFile; fileRef = 1CD2FBDC234AEE1D00B5CAF0 /* User.swift */; };
		8965D6C4F6A44DD280AD1818 /* Pods_BRIZBEE.framework in Frameworks */ = {isa = PBXBuildFile; fileRef = E240D43933EA370B62246E8C /* Pods_BRIZBEE.framework */; };
		9FE8DA163F3B41C2953C15F6 /* Pods_BRIZBEETests.framework in Frameworks */ = {isa = PBXBuildFile; fileRef = B79A2306C525C56B97C5EE0D /* Pods_BRIZBEETests.framework */; };
		DEC1FD0AD3EE62F4B84F1101 /* Pods_BRIZBEEUITests.framework in Frameworks */ = {isa = PBXBuildFile; fileRef = CB42B13A3C62E201B4F65619 /* Pods_BRIZBEEUITests.framework */; };
/* End PBXBuildFile section */

/* Begin PBXContainerItemProxy section */
		1C2434D9230CF69F00231CC2 /* PBXContainerItemProxy */ = {
			isa = PBXContainerItemProxy;
			containerPortal = 1C2434BC230CF69D00231CC2 /* Project object */;
			proxyType = 1;
			remoteGlobalIDString = 1C2434C3230CF69D00231CC2;
			remoteInfo = BRIZBEE;
		};
		1C2434E4230CF69F00231CC2 /* PBXContainerItemProxy */ = {
			isa = PBXContainerItemProxy;
			containerPortal = 1C2434BC230CF69D00231CC2 /* Project object */;
			proxyType = 1;
			remoteGlobalIDString = 1C2434C3230CF69D00231CC2;
			remoteInfo = BRIZBEE;
		};
/* End PBXContainerItemProxy section */

/* Begin PBXFileReference section */
		012D49F6BDBDA8CF133A1082 /* Pods-BRIZBEETests.debug.xcconfig */ = {isa = PBXFileReference; includeInIndex = 1; lastKnownFileType = text.xcconfig; name = "Pods-BRIZBEETests.debug.xcconfig"; path = "Target Support Files/Pods-BRIZBEETests/Pods-BRIZBEETests.debug.xcconfig"; sourceTree = "<group>"; };
		1C0BE8482563897200D28377 /* Customer.swift */ = {isa = PBXFileReference; lastKnownFileType = sourcecode.swift; path = Customer.swift; sourceTree = "<group>"; };
		1C0BE84A2563897B00D28377 /* Job.swift */ = {isa = PBXFileReference; lastKnownFileType = sourcecode.swift; path = Job.swift; sourceTree = "<group>"; };
		1C0BE84C2563898100D28377 /* Task.swift */ = {isa = PBXFileReference; lastKnownFileType = sourcecode.swift; path = Task.swift; sourceTree = "<group>"; };
		1C1DDECC269A80DA0030A398 /* LoadingViewController.swift */ = {isa = PBXFileReference; lastKnownFileType = sourcecode.swift; path = LoadingViewController.swift; sourceTree = "<group>"; };
		1C1DDECE269B43D70030A398 /* InventoryItemViewController.swift */ = {isa = PBXFileReference; lastKnownFileType = sourcecode.swift; path = InventoryItemViewController.swift; sourceTree = "<group>"; };
		1C1DDED0269B4A340030A398 /* InventoryQuantityViewController.swift */ = {isa = PBXFileReference; lastKnownFileType = sourcecode.swift; path = InventoryQuantityViewController.swift; sourceTree = "<group>"; };
		1C215F0C269BBC4A003E87C1 /* QBDInventoryItem.swift */ = {isa = PBXFileReference; lastKnownFileType = sourcecode.swift; path = QBDInventoryItem.swift; sourceTree = "<group>"; };
		1C215F0E269C99C5003E87C1 /* InventoryConfirmViewController.swift */ = {isa = PBXFileReference; lastKnownFileType = sourcecode.swift; path = InventoryConfirmViewController.swift; sourceTree = "<group>"; };
		1C2434C4230CF69D00231CC2 /* BRIZBEE.app */ = {isa = PBXFileReference; explicitFileType = wrapper.application; includeInIndex = 0; path = BRIZBEE.app; sourceTree = BUILT_PRODUCTS_DIR; };
		1C2434C7230CF69D00231CC2 /* AppDelegate.swift */ = {isa = PBXFileReference; lastKnownFileType = sourcecode.swift; path = AppDelegate.swift; sourceTree = "<group>"; };
		1C2434C9230CF69D00231CC2 /* LoginViewController.swift */ = {isa = PBXFileReference; lastKnownFileType = sourcecode.swift; path = LoginViewController.swift; sourceTree = "<group>"; };
		1C2434CC230CF69D00231CC2 /* Base */ = {isa = PBXFileReference; lastKnownFileType = file.storyboard; name = Base; path = Base.lproj/Main.storyboard; sourceTree = "<group>"; };
		1C2434CE230CF69F00231CC2 /* Assets.xcassets */ = {isa = PBXFileReference; lastKnownFileType = folder.assetcatalog; path = Assets.xcassets; sourceTree = "<group>"; };
		1C2434D1230CF69F00231CC2 /* Base */ = {isa = PBXFileReference; lastKnownFileType = file.storyboard; name = Base; path = Base.lproj/LaunchScreen.storyboard; sourceTree = "<group>"; };
		1C2434D3230CF69F00231CC2 /* Info.plist */ = {isa = PBXFileReference; lastKnownFileType = text.plist.xml; path = Info.plist; sourceTree = "<group>"; };
		1C2434D8230CF69F00231CC2 /* BRIZBEETests.xctest */ = {isa = PBXFileReference; explicitFileType = wrapper.cfbundle; includeInIndex = 0; path = BRIZBEETests.xctest; sourceTree = BUILT_PRODUCTS_DIR; };
		1C2434DC230CF69F00231CC2 /* BRIZBEETests.swift */ = {isa = PBXFileReference; lastKnownFileType = sourcecode.swift; path = BRIZBEETests.swift; sourceTree = "<group>"; };
		1C2434DE230CF69F00231CC2 /* Info.plist */ = {isa = PBXFileReference; lastKnownFileType = text.plist.xml; path = Info.plist; sourceTree = "<group>"; };
		1C2434E3230CF69F00231CC2 /* BRIZBEEUITests.xctest */ = {isa = PBXFileReference; explicitFileType = wrapper.cfbundle; includeInIndex = 0; path = BRIZBEEUITests.xctest; sourceTree = BUILT_PRODUCTS_DIR; };
		1C2434E7230CF69F00231CC2 /* BRIZBEEUITests.swift */ = {isa = PBXFileReference; lastKnownFileType = sourcecode.swift; path = BRIZBEEUITests.swift; sourceTree = "<group>"; };
		1C2434E9230CF69F00231CC2 /* Info.plist */ = {isa = PBXFileReference; lastKnownFileType = text.plist.xml; path = Info.plist; sourceTree = "<group>"; };
		1C29A66A24F5A746002B64AC /* StatusInViewController.swift */ = {isa = PBXFileReference; lastKnownFileType = sourcecode.swift; path = StatusInViewController.swift; sourceTree = "<group>"; };
		1C29A66C24F5A754002B64AC /* StatusOutViewController.swift */ = {isa = PBXFileReference; lastKnownFileType = sourcecode.swift; path = StatusOutViewController.swift; sourceTree = "<group>"; };
		1C328C4A26DE89FB00E8198C /* Constants.swift */ = {isa = PBXFileReference; lastKnownFileType = sourcecode.swift; path = Constants.swift; sourceTree = "<group>"; };
		1C3C22D4269A499F00AE4AE8 /* ScannerOverlayPreviewLayer.swift */ = {isa = PBXFileReference; lastKnownFileType = sourcecode.swift; path = ScannerOverlayPreviewLayer.swift; sourceTree = "<group>"; };
		1C595F2E2351676E00AD529C /* ScanBarCodeViewController.swift */ = {isa = PBXFileReference; lastKnownFileType = sourcecode.swift; path = ScanBarCodeViewController.swift; sourceTree = "<group>"; };
		1C5E229F24F5E45000E58D76 /* StatusStagingViewController.swift */ = {isa = PBXFileReference; lastKnownFileType = sourcecode.swift; path = StatusStagingViewController.swift; sourceTree = "<group>"; };
		1C62686D24FB04070027853C /* TimeCardTableViewController.swift */ = {isa = PBXFileReference; lastKnownFileType = sourcecode.swift; path = TimeCardTableViewController.swift; sourceTree = "<group>"; };
		1C6BE32B25698A10005F661E /* InputViewTableViewCell.swift */ = {isa = PBXFileReference; lastKnownFileType = sourcecode.swift; path = InputViewTableViewCell.swift; sourceTree = "<group>"; };
		1C73A20F2352430900A361B5 /* TaskNumberDelegate.swift */ = {isa = PBXFileReference; lastKnownFileType = sourcecode.swift; path = TaskNumberDelegate.swift; sourceTree = "<group>"; };
		1C7A1366234BB09E006A2790 /* Auth.swift */ = {isa = PBXFileReference; lastKnownFileType = sourcecode.swift; path = Auth.swift; sourceTree = "<group>"; };
		1CC284A72565FE49000E062B /* InputViewLabel.swift */ = {isa = PBXFileReference; lastKnownFileType = sourcecode.swift; path = InputViewLabel.swift; sourceTree = "<group>"; };
		1CD2B9382325DE2100B2B0D8 /* PunchInTaskIdViewController.swift */ = {isa = PBXFileReference; lastKnownFileType = sourcecode.swift; path = PunchInTaskIdViewController.swift; sourceTree = "<group>"; };
		1CD2B93A2325DEAE00B2B0D8 /* PunchInConfirmViewController.swift */ = {isa = PBXFileReference; lastKnownFileType = sourcecode.swift; path = PunchInConfirmViewController.swift; sourceTree = "<group>"; };
		1CD2B93C2325DEFC00B2B0D8 /* PunchOutConfirmViewController.swift */ = {isa = PBXFileReference; lastKnownFileType = sourcecode.swift; path = PunchOutConfirmViewController.swift; sourceTree = "<group>"; };
		1CD2FBDC234AEE1D00B5CAF0 /* User.swift */ = {isa = PBXFileReference; lastKnownFileType = sourcecode.swift; path = User.swift; sourceTree = "<group>"; };
		2D809CA6AE0A9ECC61A202C5 /* Pods-BRIZBEEUITests.debug.xcconfig */ = {isa = PBXFileReference; includeInIndex = 1; lastKnownFileType = text.xcconfig; name = "Pods-BRIZBEEUITests.debug.xcconfig"; path = "Target Support Files/Pods-BRIZBEEUITests/Pods-BRIZBEEUITests.debug.xcconfig"; sourceTree = "<group>"; };
		3A6FE02C8AB6FB185F5022A5 /* Pods-BRIZBEE.release.xcconfig */ = {isa = PBXFileReference; includeInIndex = 1; lastKnownFileType = text.xcconfig; name = "Pods-BRIZBEE.release.xcconfig"; path = "Target Support Files/Pods-BRIZBEE/Pods-BRIZBEE.release.xcconfig"; sourceTree = "<group>"; };
		81B665DF01CB0AF105E12412 /* Pods-BRIZBEETests.release.xcconfig */ = {isa = PBXFileReference; includeInIndex = 1; lastKnownFileType = text.xcconfig; name = "Pods-BRIZBEETests.release.xcconfig"; path = "Target Support Files/Pods-BRIZBEETests/Pods-BRIZBEETests.release.xcconfig"; sourceTree = "<group>"; };
		99542F9C2C1BD5650BC31C5D /* Pods-BRIZBEE.debug.xcconfig */ = {isa = PBXFileReference; includeInIndex = 1; lastKnownFileType = text.xcconfig; name = "Pods-BRIZBEE.debug.xcconfig"; path = "Target Support Files/Pods-BRIZBEE/Pods-BRIZBEE.debug.xcconfig"; sourceTree = "<group>"; };
		B79A2306C525C56B97C5EE0D /* Pods_BRIZBEETests.framework */ = {isa = PBXFileReference; explicitFileType = wrapper.framework; includeInIndex = 0; path = Pods_BRIZBEETests.framework; sourceTree = BUILT_PRODUCTS_DIR; };
		CB42B13A3C62E201B4F65619 /* Pods_BRIZBEEUITests.framework */ = {isa = PBXFileReference; explicitFileType = wrapper.framework; includeInIndex = 0; path = Pods_BRIZBEEUITests.framework; sourceTree = BUILT_PRODUCTS_DIR; };
		CD253C22B332D0ACBB23EDEB /* Pods-BRIZBEEUITests.release.xcconfig */ = {isa = PBXFileReference; includeInIndex = 1; lastKnownFileType = text.xcconfig; name = "Pods-BRIZBEEUITests.release.xcconfig"; path = "Target Support Files/Pods-BRIZBEEUITests/Pods-BRIZBEEUITests.release.xcconfig"; sourceTree = "<group>"; };
		E240D43933EA370B62246E8C /* Pods_BRIZBEE.framework */ = {isa = PBXFileReference; explicitFileType = wrapper.framework; includeInIndex = 0; path = Pods_BRIZBEE.framework; sourceTree = BUILT_PRODUCTS_DIR; };
/* End PBXFileReference section */

/* Begin PBXFrameworksBuildPhase section */
		1C2434C1230CF69D00231CC2 /* Frameworks */ = {
			isa = PBXFrameworksBuildPhase;
			buildActionMask = 2147483647;
			files = (
				8965D6C4F6A44DD280AD1818 /* Pods_BRIZBEE.framework in Frameworks */,
			);
			runOnlyForDeploymentPostprocessing = 0;
		};
		1C2434D5230CF69F00231CC2 /* Frameworks */ = {
			isa = PBXFrameworksBuildPhase;
			buildActionMask = 2147483647;
			files = (
				9FE8DA163F3B41C2953C15F6 /* Pods_BRIZBEETests.framework in Frameworks */,
			);
			runOnlyForDeploymentPostprocessing = 0;
		};
		1C2434E0230CF69F00231CC2 /* Frameworks */ = {
			isa = PBXFrameworksBuildPhase;
			buildActionMask = 2147483647;
			files = (
				DEC1FD0AD3EE62F4B84F1101 /* Pods_BRIZBEEUITests.framework in Frameworks */,
			);
			runOnlyForDeploymentPostprocessing = 0;
		};
/* End PBXFrameworksBuildPhase section */

/* Begin PBXGroup section */
		16AD4060D895695DFB566920 /* Pods */ = {
			isa = PBXGroup;
			children = (
				99542F9C2C1BD5650BC31C5D /* Pods-BRIZBEE.debug.xcconfig */,
				3A6FE02C8AB6FB185F5022A5 /* Pods-BRIZBEE.release.xcconfig */,
				012D49F6BDBDA8CF133A1082 /* Pods-BRIZBEETests.debug.xcconfig */,
				81B665DF01CB0AF105E12412 /* Pods-BRIZBEETests.release.xcconfig */,
				2D809CA6AE0A9ECC61A202C5 /* Pods-BRIZBEEUITests.debug.xcconfig */,
				CD253C22B332D0ACBB23EDEB /* Pods-BRIZBEEUITests.release.xcconfig */,
			);
			path = Pods;
			sourceTree = "<group>";
		};
		1C2434BB230CF69D00231CC2 = {
			isa = PBXGroup;
			children = (
				1C2434C6230CF69D00231CC2 /* BRIZBEE */,
				1C2434DB230CF69F00231CC2 /* BRIZBEETests */,
				1C2434E6230CF69F00231CC2 /* BRIZBEEUITests */,
				1C2434C5230CF69D00231CC2 /* Products */,
				16AD4060D895695DFB566920 /* Pods */,
				3FCE167102886CB0D4BC44A0 /* Frameworks */,
			);
			sourceTree = "<group>";
		};
		1C2434C5230CF69D00231CC2 /* Products */ = {
			isa = PBXGroup;
			children = (
				1C2434C4230CF69D00231CC2 /* BRIZBEE.app */,
				1C2434D8230CF69F00231CC2 /* BRIZBEETests.xctest */,
				1C2434E3230CF69F00231CC2 /* BRIZBEEUITests.xctest */,
			);
			name = Products;
			sourceTree = "<group>";
		};
		1C2434C6230CF69D00231CC2 /* BRIZBEE */ = {
			isa = PBXGroup;
			children = (
				1C328C4C26DE8CF800E8198C /* Models */,
				1C2434C7230CF69D00231CC2 /* AppDelegate.swift */,
				1C2434CE230CF69F00231CC2 /* Assets.xcassets */,
				1C7A1366234BB09E006A2790 /* Auth.swift */,
				1C328C4A26DE89FB00E8198C /* Constants.swift */,
				1C2434D3230CF69F00231CC2 /* Info.plist */,
				1C2434D0230CF69F00231CC2 /* LaunchScreen.storyboard */,
				1C2434C9230CF69D00231CC2 /* LoginViewController.swift */,
				1C2434CB230CF69D00231CC2 /* Main.storyboard */,
				1CD2B93A2325DEAE00B2B0D8 /* PunchInConfirmViewController.swift */,
				1CD2B9382325DE2100B2B0D8 /* PunchInTaskIdViewController.swift */,
				1CD2B93C2325DEFC00B2B0D8 /* PunchOutConfirmViewController.swift */,
				1C595F2E2351676E00AD529C /* ScanBarCodeViewController.swift */,
				1C29A66A24F5A746002B64AC /* StatusInViewController.swift */,
				1C29A66C24F5A754002B64AC /* StatusOutViewController.swift */,
				1C5E229F24F5E45000E58D76 /* StatusStagingViewController.swift */,
				1C73A20F2352430900A361B5 /* TaskNumberDelegate.swift */,
				1C62686D24FB04070027853C /* TimeCardTableViewController.swift */,
				1CC284A72565FE49000E062B /* InputViewLabel.swift */,
				1C6BE32B25698A10005F661E /* InputViewTableViewCell.swift */,
				1C3C22D4269A499F00AE4AE8 /* ScannerOverlayPreviewLayer.swift */,
				1C1DDECC269A80DA0030A398 /* LoadingViewController.swift */,
				1C1DDECE269B43D70030A398 /* InventoryItemViewController.swift */,
				1C1DDED0269B4A340030A398 /* InventoryQuantityViewController.swift */,
				1C215F0E269C99C5003E87C1 /* InventoryConfirmViewController.swift */,
			);
			path = BRIZBEE;
			sourceTree = "<group>";
		};
		1C2434DB230CF69F00231CC2 /* BRIZBEETests */ = {
			isa = PBXGroup;
			children = (
				1C2434DC230CF69F00231CC2 /* BRIZBEETests.swift */,
				1C2434DE230CF69F00231CC2 /* Info.plist */,
			);
			path = BRIZBEETests;
			sourceTree = "<group>";
		};
		1C2434E6230CF69F00231CC2 /* BRIZBEEUITests */ = {
			isa = PBXGroup;
			children = (
				1C2434E7230CF69F00231CC2 /* BRIZBEEUITests.swift */,
				1C2434E9230CF69F00231CC2 /* Info.plist */,
			);
			path = BRIZBEEUITests;
			sourceTree = "<group>";
		};
		1C328C4C26DE8CF800E8198C /* Models */ = {
			isa = PBXGroup;
			children = (
				1C0BE8482563897200D28377 /* Customer.swift */,
				1C0BE84A2563897B00D28377 /* Job.swift */,
				1C0BE84C2563898100D28377 /* Task.swift */,
				1C215F0C269BBC4A003E87C1 /* QBDInventoryItem.swift */,
				1CD2FBDC234AEE1D00B5CAF0 /* User.swift */,
			);
			path = Models;
			sourceTree = "<group>";
		};
		3FCE167102886CB0D4BC44A0 /* Frameworks */ = {
			isa = PBXGroup;
			children = (
				E240D43933EA370B62246E8C /* Pods_BRIZBEE.framework */,
				B79A2306C525C56B97C5EE0D /* Pods_BRIZBEETests.framework */,
				CB42B13A3C62E201B4F65619 /* Pods_BRIZBEEUITests.framework */,
			);
			name = Frameworks;
			sourceTree = "<group>";
		};
/* End PBXGroup section */

/* Begin PBXNativeTarget section */
		1C2434C3230CF69D00231CC2 /* BRIZBEE */ = {
			isa = PBXNativeTarget;
			buildConfigurationList = 1C2434EC230CF69F00231CC2 /* Build configuration list for PBXNativeTarget "BRIZBEE" */;
			buildPhases = (
				9635D6783477CA2F1DFF1B18 /* [CP] Check Pods Manifest.lock */,
				1C2434C0230CF69D00231CC2 /* Sources */,
				1C2434C1230CF69D00231CC2 /* Frameworks */,
				1C2434C2230CF69D00231CC2 /* Resources */,
			);
			buildRules = (
			);
			dependencies = (
			);
			name = BRIZBEE;
			productName = BRIZBEE;
			productReference = 1C2434C4230CF69D00231CC2 /* BRIZBEE.app */;
			productType = "com.apple.product-type.application";
		};
		1C2434D7230CF69F00231CC2 /* BRIZBEETests */ = {
			isa = PBXNativeTarget;
			buildConfigurationList = 1C2434EF230CF69F00231CC2 /* Build configuration list for PBXNativeTarget "BRIZBEETests" */;
			buildPhases = (
				F06E4D0DF8A118F17523875D /* [CP] Check Pods Manifest.lock */,
				1C2434D4230CF69F00231CC2 /* Sources */,
				1C2434D5230CF69F00231CC2 /* Frameworks */,
				1C2434D6230CF69F00231CC2 /* Resources */,
			);
			buildRules = (
			);
			dependencies = (
				1C2434DA230CF69F00231CC2 /* PBXTargetDependency */,
			);
			name = BRIZBEETests;
			productName = BRIZBEETests;
			productReference = 1C2434D8230CF69F00231CC2 /* BRIZBEETests.xctest */;
			productType = "com.apple.product-type.bundle.unit-test";
		};
		1C2434E2230CF69F00231CC2 /* BRIZBEEUITests */ = {
			isa = PBXNativeTarget;
			buildConfigurationList = 1C2434F2230CF69F00231CC2 /* Build configuration list for PBXNativeTarget "BRIZBEEUITests" */;
			buildPhases = (
				10AA054E5642AA4802B5AF2C /* [CP] Check Pods Manifest.lock */,
				1C2434DF230CF69F00231CC2 /* Sources */,
				1C2434E0230CF69F00231CC2 /* Frameworks */,
				1C2434E1230CF69F00231CC2 /* Resources */,
			);
			buildRules = (
			);
			dependencies = (
				1C2434E5230CF69F00231CC2 /* PBXTargetDependency */,
			);
			name = BRIZBEEUITests;
			productName = BRIZBEEUITests;
			productReference = 1C2434E3230CF69F00231CC2 /* BRIZBEEUITests.xctest */;
			productType = "com.apple.product-type.bundle.ui-testing";
		};
/* End PBXNativeTarget section */

/* Begin PBXProject section */
		1C2434BC230CF69D00231CC2 /* Project object */ = {
			isa = PBXProject;
			attributes = {
				LastSwiftUpdateCheck = 1030;
				LastUpgradeCheck = 1220;
				ORGANIZATIONNAME = "East Coast Technology Services, LLC";
				TargetAttributes = {
					1C2434C3230CF69D00231CC2 = {
						CreatedOnToolsVersion = 10.3;
					};
					1C2434D7230CF69F00231CC2 = {
						CreatedOnToolsVersion = 10.3;
						TestTargetID = 1C2434C3230CF69D00231CC2;
					};
					1C2434E2230CF69F00231CC2 = {
						CreatedOnToolsVersion = 10.3;
						TestTargetID = 1C2434C3230CF69D00231CC2;
					};
				};
			};
			buildConfigurationList = 1C2434BF230CF69D00231CC2 /* Build configuration list for PBXProject "BRIZBEE" */;
			compatibilityVersion = "Xcode 9.3";
			developmentRegion = en;
			hasScannedForEncodings = 0;
			knownRegions = (
				en,
				Base,
			);
			mainGroup = 1C2434BB230CF69D00231CC2;
			productRefGroup = 1C2434C5230CF69D00231CC2 /* Products */;
			projectDirPath = "";
			projectRoot = "";
			targets = (
				1C2434C3230CF69D00231CC2 /* BRIZBEE */,
				1C2434D7230CF69F00231CC2 /* BRIZBEETests */,
				1C2434E2230CF69F00231CC2 /* BRIZBEEUITests */,
			);
		};
/* End PBXProject section */

/* Begin PBXResourcesBuildPhase section */
		1C2434C2230CF69D00231CC2 /* Resources */ = {
			isa = PBXResourcesBuildPhase;
			buildActionMask = 2147483647;
			files = (
				1C2434D2230CF69F00231CC2 /* LaunchScreen.storyboard in Resources */,
				1C2434CF230CF69F00231CC2 /* Assets.xcassets in Resources */,
				1C2434CD230CF69D00231CC2 /* Main.storyboard in Resources */,
			);
			runOnlyForDeploymentPostprocessing = 0;
		};
		1C2434D6230CF69F00231CC2 /* Resources */ = {
			isa = PBXResourcesBuildPhase;
			buildActionMask = 2147483647;
			files = (
			);
			runOnlyForDeploymentPostprocessing = 0;
		};
		1C2434E1230CF69F00231CC2 /* Resources */ = {
			isa = PBXResourcesBuildPhase;
			buildActionMask = 2147483647;
			files = (
			);
			runOnlyForDeploymentPostprocessing = 0;
		};
/* End PBXResourcesBuildPhase section */

/* Begin PBXShellScriptBuildPhase section */
		10AA054E5642AA4802B5AF2C /* [CP] Check Pods Manifest.lock */ = {
			isa = PBXShellScriptBuildPhase;
			buildActionMask = 2147483647;
			files = (
			);
			inputFileListPaths = (
			);
			inputPaths = (
				"${PODS_PODFILE_DIR_PATH}/Podfile.lock",
				"${PODS_ROOT}/Manifest.lock",
			);
			name = "[CP] Check Pods Manifest.lock";
			outputFileListPaths = (
			);
			outputPaths = (
				"$(DERIVED_FILE_DIR)/Pods-BRIZBEEUITests-checkManifestLockResult.txt",
			);
			runOnlyForDeploymentPostprocessing = 0;
			shellPath = /bin/sh;
			shellScript = "diff \"${PODS_PODFILE_DIR_PATH}/Podfile.lock\" \"${PODS_ROOT}/Manifest.lock\" > /dev/null\nif [ $? != 0 ] ; then\n    # print error to STDERR\n    echo \"error: The sandbox is not in sync with the Podfile.lock. Run 'pod install' or update your CocoaPods installation.\" >&2\n    exit 1\nfi\n# This output is used by Xcode 'outputs' to avoid re-running this script phase.\necho \"SUCCESS\" > \"${SCRIPT_OUTPUT_FILE_0}\"\n";
			showEnvVarsInLog = 0;
		};
		9635D6783477CA2F1DFF1B18 /* [CP] Check Pods Manifest.lock */ = {
			isa = PBXShellScriptBuildPhase;
			buildActionMask = 2147483647;
			files = (
			);
			inputFileListPaths = (
			);
			inputPaths = (
				"${PODS_PODFILE_DIR_PATH}/Podfile.lock",
				"${PODS_ROOT}/Manifest.lock",
			);
			name = "[CP] Check Pods Manifest.lock";
			outputFileListPaths = (
			);
			outputPaths = (
				"$(DERIVED_FILE_DIR)/Pods-BRIZBEE-checkManifestLockResult.txt",
			);
			runOnlyForDeploymentPostprocessing = 0;
			shellPath = /bin/sh;
			shellScript = "diff \"${PODS_PODFILE_DIR_PATH}/Podfile.lock\" \"${PODS_ROOT}/Manifest.lock\" > /dev/null\nif [ $? != 0 ] ; then\n    # print error to STDERR\n    echo \"error: The sandbox is not in sync with the Podfile.lock. Run 'pod install' or update your CocoaPods installation.\" >&2\n    exit 1\nfi\n# This output is used by Xcode 'outputs' to avoid re-running this script phase.\necho \"SUCCESS\" > \"${SCRIPT_OUTPUT_FILE_0}\"\n";
			showEnvVarsInLog = 0;
		};
		F06E4D0DF8A118F17523875D /* [CP] Check Pods Manifest.lock */ = {
			isa = PBXShellScriptBuildPhase;
			buildActionMask = 2147483647;
			files = (
			);
			inputFileListPaths = (
			);
			inputPaths = (
				"${PODS_PODFILE_DIR_PATH}/Podfile.lock",
				"${PODS_ROOT}/Manifest.lock",
			);
			name = "[CP] Check Pods Manifest.lock";
			outputFileListPaths = (
			);
			outputPaths = (
				"$(DERIVED_FILE_DIR)/Pods-BRIZBEETests-checkManifestLockResult.txt",
			);
			runOnlyForDeploymentPostprocessing = 0;
			shellPath = /bin/sh;
			shellScript = "diff \"${PODS_PODFILE_DIR_PATH}/Podfile.lock\" \"${PODS_ROOT}/Manifest.lock\" > /dev/null\nif [ $? != 0 ] ; then\n    # print error to STDERR\n    echo \"error: The sandbox is not in sync with the Podfile.lock. Run 'pod install' or update your CocoaPods installation.\" >&2\n    exit 1\nfi\n# This output is used by Xcode 'outputs' to avoid re-running this script phase.\necho \"SUCCESS\" > \"${SCRIPT_OUTPUT_FILE_0}\"\n";
			showEnvVarsInLog = 0;
		};
/* End PBXShellScriptBuildPhase section */

/* Begin PBXSourcesBuildPhase section */
		1C2434C0230CF69D00231CC2 /* Sources */ = {
			isa = PBXSourcesBuildPhase;
			buildActionMask = 2147483647;
			files = (
				1C328C4B26DE89FB00E8198C /* Constants.swift in Sources */,
				1C62686E24FB04070027853C /* TimeCardTableViewController.swift in Sources */,
				1C0BE8492563897200D28377 /* Customer.swift in Sources */,
				1CD2B93B2325DEAE00B2B0D8 /* PunchInConfirmViewController.swift in Sources */,
				1C1DDECF269B43D70030A398 /* InventoryItemViewController.swift in Sources */,
				1C6BE32C25698A10005F661E /* InputViewTableViewCell.swift in Sources */,
				1C2434CA230CF69D00231CC2 /* LoginViewController.swift in Sources */,
				1C215F0D269BBC4A003E87C1 /* QBDInventoryItem.swift in Sources */,
				1C0BE84B2563897B00D28377 /* Job.swift in Sources */,
				1CD2B9392325DE2100B2B0D8 /* PunchInTaskIdViewController.swift in Sources */,
				1C1DDECD269A80DA0030A398 /* LoadingViewController.swift in Sources */,
				1C215F0F269C99C5003E87C1 /* InventoryConfirmViewController.swift in Sources */,
				1CD2B93D2325DEFC00B2B0D8 /* PunchOutConfirmViewController.swift in Sources */,
				1C1DDED1269B4A340030A398 /* InventoryQuantityViewController.swift in Sources */,
				1C5E22A024F5E45000E58D76 /* StatusStagingViewController.swift in Sources */,
				1C0BE84D2563898100D28377 /* Task.swift in Sources */,
				1C595F2F2351676E00AD529C /* ScanBarCodeViewController.swift in Sources */,
				1C29A66B24F5A746002B64AC /* StatusInViewController.swift in Sources */,
				1C73A2102352430900A361B5 /* TaskNumberDelegate.swift in Sources */,
				1C2434C8230CF69D00231CC2 /* AppDelegate.swift in Sources */,
				1CD2FBDD234AEE1D00B5CAF0 /* User.swift in Sources */,
				1C3C22D5269A499F00AE4AE8 /* ScannerOverlayPreviewLayer.swift in Sources */,
				1C7A1367234BB09E006A2790 /* Auth.swift in Sources */,
				1C29A66D24F5A754002B64AC /* StatusOutViewController.swift in Sources */,
				1CC284A82565FE49000E062B /* InputViewLabel.swift in Sources */,
			);
			runOnlyForDeploymentPostprocessing = 0;
		};
		1C2434D4230CF69F00231CC2 /* Sources */ = {
			isa = PBXSourcesBuildPhase;
			buildActionMask = 2147483647;
			files = (
				1C2434DD230CF69F00231CC2 /* BRIZBEETests.swift in Sources */,
			);
			runOnlyForDeploymentPostprocessing = 0;
		};
		1C2434DF230CF69F00231CC2 /* Sources */ = {
			isa = PBXSourcesBuildPhase;
			buildActionMask = 2147483647;
			files = (
				1C2434E8230CF69F00231CC2 /* BRIZBEEUITests.swift in Sources */,
			);
			runOnlyForDeploymentPostprocessing = 0;
		};
/* End PBXSourcesBuildPhase section */

/* Begin PBXTargetDependency section */
		1C2434DA230CF69F00231CC2 /* PBXTargetDependency */ = {
			isa = PBXTargetDependency;
			target = 1C2434C3230CF69D00231CC2 /* BRIZBEE */;
			targetProxy = 1C2434D9230CF69F00231CC2 /* PBXContainerItemProxy */;
		};
		1C2434E5230CF69F00231CC2 /* PBXTargetDependency */ = {
			isa = PBXTargetDependency;
			target = 1C2434C3230CF69D00231CC2 /* BRIZBEE */;
			targetProxy = 1C2434E4230CF69F00231CC2 /* PBXContainerItemProxy */;
		};
/* End PBXTargetDependency section */

/* Begin PBXVariantGroup section */
		1C2434CB230CF69D00231CC2 /* Main.storyboard */ = {
			isa = PBXVariantGroup;
			children = (
				1C2434CC230CF69D00231CC2 /* Base */,
			);
			name = Main.storyboard;
			sourceTree = "<group>";
		};
		1C2434D0230CF69F00231CC2 /* LaunchScreen.storyboard */ = {
			isa = PBXVariantGroup;
			children = (
				1C2434D1230CF69F00231CC2 /* Base */,
			);
			name = LaunchScreen.storyboard;
			sourceTree = "<group>";
		};
/* End PBXVariantGroup section */

/* Begin XCBuildConfiguration section */
		1C2434EA230CF69F00231CC2 /* Debug */ = {
			isa = XCBuildConfiguration;
			buildSettings = {
				ALWAYS_SEARCH_USER_PATHS = NO;
				CLANG_ANALYZER_NONNULL = YES;
				CLANG_ANALYZER_NUMBER_OBJECT_CONVERSION = YES_AGGRESSIVE;
				CLANG_CXX_LANGUAGE_STANDARD = "gnu++14";
				CLANG_CXX_LIBRARY = "libc++";
				CLANG_ENABLE_MODULES = YES;
				CLANG_ENABLE_OBJC_ARC = YES;
				CLANG_ENABLE_OBJC_WEAK = YES;
				CLANG_WARN_BLOCK_CAPTURE_AUTORELEASING = YES;
				CLANG_WARN_BOOL_CONVERSION = YES;
				CLANG_WARN_COMMA = YES;
				CLANG_WARN_CONSTANT_CONVERSION = YES;
				CLANG_WARN_DEPRECATED_OBJC_IMPLEMENTATIONS = YES;
				CLANG_WARN_DIRECT_OBJC_ISA_USAGE = YES_ERROR;
				CLANG_WARN_DOCUMENTATION_COMMENTS = YES;
				CLANG_WARN_EMPTY_BODY = YES;
				CLANG_WARN_ENUM_CONVERSION = YES;
				CLANG_WARN_INFINITE_RECURSION = YES;
				CLANG_WARN_INT_CONVERSION = YES;
				CLANG_WARN_NON_LITERAL_NULL_CONVERSION = YES;
				CLANG_WARN_OBJC_IMPLICIT_RETAIN_SELF = YES;
				CLANG_WARN_OBJC_LITERAL_CONVERSION = YES;
				CLANG_WARN_OBJC_ROOT_CLASS = YES_ERROR;
				CLANG_WARN_QUOTED_INCLUDE_IN_FRAMEWORK_HEADER = YES;
				CLANG_WARN_RANGE_LOOP_ANALYSIS = YES;
				CLANG_WARN_STRICT_PROTOTYPES = YES;
				CLANG_WARN_SUSPICIOUS_MOVE = YES;
				CLANG_WARN_UNGUARDED_AVAILABILITY = YES_AGGRESSIVE;
				CLANG_WARN_UNREACHABLE_CODE = YES;
				CLANG_WARN__DUPLICATE_METHOD_MATCH = YES;
				CODE_SIGN_IDENTITY = "iPhone Developer";
				COPY_PHASE_STRIP = NO;
				DEBUG_INFORMATION_FORMAT = dwarf;
				ENABLE_STRICT_OBJC_MSGSEND = YES;
				ENABLE_TESTABILITY = YES;
				GCC_C_LANGUAGE_STANDARD = gnu11;
				GCC_DYNAMIC_NO_PIC = NO;
				GCC_NO_COMMON_BLOCKS = YES;
				GCC_OPTIMIZATION_LEVEL = 0;
				GCC_PREPROCESSOR_DEFINITIONS = (
					"DEBUG=1",
					"$(inherited)",
				);
				GCC_WARN_64_TO_32_BIT_CONVERSION = YES;
				GCC_WARN_ABOUT_RETURN_TYPE = YES_ERROR;
				GCC_WARN_UNDECLARED_SELECTOR = YES;
				GCC_WARN_UNINITIALIZED_AUTOS = YES_AGGRESSIVE;
				GCC_WARN_UNUSED_FUNCTION = YES;
				GCC_WARN_UNUSED_VARIABLE = YES;
				IPHONEOS_DEPLOYMENT_TARGET = 12.4;
				MTL_ENABLE_DEBUG_INFO = INCLUDE_SOURCE;
				MTL_FAST_MATH = YES;
				ONLY_ACTIVE_ARCH = YES;
				SDKROOT = iphoneos;
				SWIFT_ACTIVE_COMPILATION_CONDITIONS = DEBUG;
				SWIFT_OPTIMIZATION_LEVEL = "-Onone";
			};
			name = Debug;
		};
		1C2434EB230CF69F00231CC2 /* Release */ = {
			isa = XCBuildConfiguration;
			buildSettings = {
				ALWAYS_SEARCH_USER_PATHS = NO;
				CLANG_ANALYZER_NONNULL = YES;
				CLANG_ANALYZER_NUMBER_OBJECT_CONVERSION = YES_AGGRESSIVE;
				CLANG_CXX_LANGUAGE_STANDARD = "gnu++14";
				CLANG_CXX_LIBRARY = "libc++";
				CLANG_ENABLE_MODULES = YES;
				CLANG_ENABLE_OBJC_ARC = YES;
				CLANG_ENABLE_OBJC_WEAK = YES;
				CLANG_WARN_BLOCK_CAPTURE_AUTORELEASING = YES;
				CLANG_WARN_BOOL_CONVERSION = YES;
				CLANG_WARN_COMMA = YES;
				CLANG_WARN_CONSTANT_CONVERSION = YES;
				CLANG_WARN_DEPRECATED_OBJC_IMPLEMENTATIONS = YES;
				CLANG_WARN_DIRECT_OBJC_ISA_USAGE = YES_ERROR;
				CLANG_WARN_DOCUMENTATION_COMMENTS = YES;
				CLANG_WARN_EMPTY_BODY = YES;
				CLANG_WARN_ENUM_CONVERSION = YES;
				CLANG_WARN_INFINITE_RECURSION = YES;
				CLANG_WARN_INT_CONVERSION = YES;
				CLANG_WARN_NON_LITERAL_NULL_CONVERSION = YES;
				CLANG_WARN_OBJC_IMPLICIT_RETAIN_SELF = YES;
				CLANG_WARN_OBJC_LITERAL_CONVERSION = YES;
				CLANG_WARN_OBJC_ROOT_CLASS = YES_ERROR;
				CLANG_WARN_QUOTED_INCLUDE_IN_FRAMEWORK_HEADER = YES;
				CLANG_WARN_RANGE_LOOP_ANALYSIS = YES;
				CLANG_WARN_STRICT_PROTOTYPES = YES;
				CLANG_WARN_SUSPICIOUS_MOVE = YES;
				CLANG_WARN_UNGUARDED_AVAILABILITY = YES_AGGRESSIVE;
				CLANG_WARN_UNREACHABLE_CODE = YES;
				CLANG_WARN__DUPLICATE_METHOD_MATCH = YES;
				CODE_SIGN_IDENTITY = "iPhone Developer";
				COPY_PHASE_STRIP = NO;
				DEBUG_INFORMATION_FORMAT = "dwarf-with-dsym";
				ENABLE_NS_ASSERTIONS = NO;
				ENABLE_STRICT_OBJC_MSGSEND = YES;
				GCC_C_LANGUAGE_STANDARD = gnu11;
				GCC_NO_COMMON_BLOCKS = YES;
				GCC_WARN_64_TO_32_BIT_CONVERSION = YES;
				GCC_WARN_ABOUT_RETURN_TYPE = YES_ERROR;
				GCC_WARN_UNDECLARED_SELECTOR = YES;
				GCC_WARN_UNINITIALIZED_AUTOS = YES_AGGRESSIVE;
				GCC_WARN_UNUSED_FUNCTION = YES;
				GCC_WARN_UNUSED_VARIABLE = YES;
				IPHONEOS_DEPLOYMENT_TARGET = 12.4;
				MTL_ENABLE_DEBUG_INFO = NO;
				MTL_FAST_MATH = YES;
				SDKROOT = iphoneos;
				SWIFT_COMPILATION_MODE = wholemodule;
				SWIFT_OPTIMIZATION_LEVEL = "-O";
				VALIDATE_PRODUCT = YES;
			};
			name = Release;
		};
		1C2434ED230CF69F00231CC2 /* Debug */ = {
			isa = XCBuildConfiguration;
			baseConfigurationReference = 99542F9C2C1BD5650BC31C5D /* Pods-BRIZBEE.debug.xcconfig */;
			buildSettings = {
				ASSETCATALOG_COMPILER_APPICON_NAME = AppIcon;
				CODE_SIGN_STYLE = Automatic;
				CURRENT_PROJECT_VERSION = 16;
				DEVELOPMENT_TEAM = ZKL4QD94W8;
				INFOPLIST_FILE = BRIZBEE/Info.plist;
				IPHONEOS_DEPLOYMENT_TARGET = 14.7;
				LD_RUNPATH_SEARCH_PATHS = (
					"$(inherited)",
					"@executable_path/Frameworks",
				);
				MARKETING_VERSION = 3.1.1;
				PRODUCT_BUNDLE_IDENTIFIER = com.brizbee.ios.BRIZBEE;
				PRODUCT_NAME = "$(TARGET_NAME)";
				SWIFT_VERSION = 5.0;
				TARGETED_DEVICE_FAMILY = "1,2";
			};
			name = Debug;
		};
		1C2434EE230CF69F00231CC2 /* Release */ = {
			isa = XCBuildConfiguration;
			baseConfigurationReference = 3A6FE02C8AB6FB185F5022A5 /* Pods-BRIZBEE.release.xcconfig */;
			buildSettings = {
				ASSETCATALOG_COMPILER_APPICON_NAME = AppIcon;
				CODE_SIGN_STYLE = Automatic;
				CURRENT_PROJECT_VERSION = 16;
				DEVELOPMENT_TEAM = ZKL4QD94W8;
				INFOPLIST_FILE = BRIZBEE/Info.plist;
				IPHONEOS_DEPLOYMENT_TARGET = 14.7;
				LD_RUNPATH_SEARCH_PATHS = (
					"$(inherited)",
					"@executable_path/Frameworks",
				);
				MARKETING_VERSION = 3.1.1;
				PRODUCT_BUNDLE_IDENTIFIER = com.brizbee.ios.BRIZBEE;
				PRODUCT_NAME = "$(TARGET_NAME)";
				SWIFT_VERSION = 5.0;
				TARGETED_DEVICE_FAMILY = "1,2";
			};
			name = Release;
		};
		1C2434F0230CF69F00231CC2 /* Debug */ = {
			isa = XCBuildConfiguration;
			baseConfigurationReference = 012D49F6BDBDA8CF133A1082 /* Pods-BRIZBEETests.debug.xcconfig */;
			buildSettings = {
				ALWAYS_EMBED_SWIFT_STANDARD_LIBRARIES = YES;
				BUNDLE_LOADER = "$(TEST_HOST)";
				CODE_SIGN_STYLE = Automatic;
				INFOPLIST_FILE = BRIZBEETests/Info.plist;
				LD_RUNPATH_SEARCH_PATHS = (
					"$(inherited)",
					"@executable_path/Frameworks",
					"@loader_path/Frameworks",
				);
				PRODUCT_BUNDLE_IDENTIFIER = com.brizbee.ios.BRIZBEETests;
				PRODUCT_NAME = "$(TARGET_NAME)";
				SWIFT_VERSION = 5.0;
				TARGETED_DEVICE_FAMILY = "1,2";
				TEST_HOST = "$(BUILT_PRODUCTS_DIR)/BRIZBEE.app/BRIZBEE";
			};
			name = Debug;
		};
		1C2434F1230CF69F00231CC2 /* Release */ = {
			isa = XCBuildConfiguration;
			baseConfigurationReference = 81B665DF01CB0AF105E12412 /* Pods-BRIZBEETests.release.xcconfig */;
			buildSettings = {
				ALWAYS_EMBED_SWIFT_STANDARD_LIBRARIES = YES;
				BUNDLE_LOADER = "$(TEST_HOST)";
				CODE_SIGN_STYLE = Automatic;
				INFOPLIST_FILE = BRIZBEETests/Info.plist;
				LD_RUNPATH_SEARCH_PATHS = (
					"$(inherited)",
					"@executable_path/Frameworks",
					"@loader_path/Frameworks",
				);
				PRODUCT_BUNDLE_IDENTIFIER = com.brizbee.ios.BRIZBEETests;
				PRODUCT_NAME = "$(TARGET_NAME)";
				SWIFT_VERSION = 5.0;
				TARGETED_DEVICE_FAMILY = "1,2";
				TEST_HOST = "$(BUILT_PRODUCTS_DIR)/BRIZBEE.app/BRIZBEE";
			};
			name = Release;
		};
		1C2434F3230CF69F00231CC2 /* Debug */ = {
			isa = XCBuildConfiguration;
			baseConfigurationReference = 2D809CA6AE0A9ECC61A202C5 /* Pods-BRIZBEEUITests.debug.xcconfig */;
			buildSettings = {
				ALWAYS_EMBED_SWIFT_STANDARD_LIBRARIES = YES;
				CODE_SIGN_STYLE = Automatic;
				INFOPLIST_FILE = BRIZBEEUITests/Info.plist;
				LD_RUNPATH_SEARCH_PATHS = (
					"$(inherited)",
					"@executable_path/Frameworks",
					"@loader_path/Frameworks",
				);
				PRODUCT_BUNDLE_IDENTIFIER = com.brizbee.ios.BRIZBEEUITests;
				PRODUCT_NAME = "$(TARGET_NAME)";
				SWIFT_VERSION = 5.0;
				TARGETED_DEVICE_FAMILY = "1,2";
				TEST_TARGET_NAME = BRIZBEE;
			};
			name = Debug;
		};
		1C2434F4230CF69F00231CC2 /* Release */ = {
			isa = XCBuildConfiguration;
			baseConfigurationReference = CD253C22B332D0ACBB23EDEB /* Pods-BRIZBEEUITests.release.xcconfig */;
			buildSettings = {
				ALWAYS_EMBED_SWIFT_STANDARD_LIBRARIES = YES;
				CODE_SIGN_STYLE = Automatic;
				INFOPLIST_FILE = BRIZBEEUITests/Info.plist;
				LD_RUNPATH_SEARCH_PATHS = (
					"$(inherited)",
					"@executable_path/Frameworks",
					"@loader_path/Frameworks",
				);
				PRODUCT_BUNDLE_IDENTIFIER = com.brizbee.ios.BRIZBEEUITests;
				PRODUCT_NAME = "$(TARGET_NAME)";
				SWIFT_VERSION = 5.0;
				TARGETED_DEVICE_FAMILY = "1,2";
				TEST_TARGET_NAME = BRIZBEE;
			};
			name = Release;
		};
/* End XCBuildConfiguration section */

/* Begin XCConfigurationList section */
		1C2434BF230CF69D00231CC2 /* Build configuration list for PBXProject "BRIZBEE" */ = {
			isa = XCConfigurationList;
			buildConfigurations = (
				1C2434EA230CF69F00231CC2 /* Debug */,
				1C2434EB230CF69F00231CC2 /* Release */,
			);
			defaultConfigurationIsVisible = 0;
			defaultConfigurationName = Release;
		};
		1C2434EC230CF69F00231CC2 /* Build configuration list for PBXNativeTarget "BRIZBEE" */ = {
			isa = XCConfigurationList;
			buildConfigurations = (
				1C2434ED230CF69F00231CC2 /* Debug */,
				1C2434EE230CF69F00231CC2 /* Release */,
			);
			defaultConfigurationIsVisible = 0;
			defaultConfigurationName = Release;
		};
		1C2434EF230CF69F00231CC2 /* Build configuration list for PBXNativeTarget "BRIZBEETests" */ = {
			isa = XCConfigurationList;
			buildConfigurations = (
				1C2434F0230CF69F00231CC2 /* Debug */,
				1C2434F1230CF69F00231CC2 /* Release */,
			);
			defaultConfigurationIsVisible = 0;
			defaultConfigurationName = Release;
		};
		1C2434F2230CF69F00231CC2 /* Build configuration list for PBXNativeTarget "BRIZBEEUITests" */ = {
			isa = XCConfigurationList;
			buildConfigurations = (
				1C2434F3230CF69F00231CC2 /* Debug */,
				1C2434F4230CF69F00231CC2 /* Release */,
			);
			defaultConfigurationIsVisible = 0;
			defaultConfigurationName = Release;
		};
/* End XCConfigurationList section */
	};
	rootObject = 1C2434BC230CF69D00231CC2 /* Project object */;
}
